
Microsoft Visual Studio Solution File, Format Version 12.00
Project("{FAE04EC0-301F-11D3-BF4B-00C04F79EFBC}") = "s24479", "s24479\s24479.csproj", "{2A8EC55A-591A-4978-ACE1-A36709D34587}"
EndProject
Global
	GlobalSection(SolutionConfigurationPlatforms) = preSolution
		Debug|Any CPU = Debug|Any CPU
		Release|Any CPU = Release|Any CPU
	EndGlobalSection
	GlobalSection(ProjectConfigurationPlatforms) = postSolution
		{2A8EC55A-591A-4978-ACE1-A36709D34587}.Debug|Any CPU.ActiveCfg = Debug|Any CPU
		{2A8EC55A-591A-4978-ACE1-A36709D34587}.Debug|Any CPU.Build.0 = Debug|Any CPU
		{2A8EC55A-591A-4978-ACE1-A36709D34587}.Release|Any CPU.ActiveCfg = Release|Any CPU
		{2A8EC55A-591A-4978-ACE1-A36709D34587}.Release|Any CPU.Build.0 = Release|Any CPU
	EndGlobalSection
EndGlobal
